
Microsoft Visual Studio Solution File, Format Version 12.00
# Visual Studio Version 16
VisualStudioVersion = 16.0.30503.244
MinimumVisualStudioVersion = 10.0.40219.1
Project("{FAE04EC0-301F-11D3-BF4B-00C04F79EFBC}") = "holp", "holp.csproj", "{D69962A1-74BD-443D-ACAA-6E7F3A86815E}"
EndProject
Global
	GlobalSection(SolutionConfigurationPlatforms) = preSolution
		Debug|Any CPU = Debug|Any CPU
		Release|Any CPU = Release|Any CPU
	EndGlobalSection
	GlobalSection(ProjectConfigurationPlatforms) = postSolution
		{D69962A1-74BD-443D-ACAA-6E7F3A86815E}.Debug|Any CPU.ActiveCfg = Debug|Any CPU
		{D69962A1-74BD-443D-ACAA-6E7F3A86815E}.Debug|Any CPU.Build.0 = Debug|Any CPU
		{D69962A1-74BD-443D-ACAA-6E7F3A86815E}.Release|Any CPU.ActiveCfg = Release|Any CPU
		{D69962A1-74BD-443D-ACAA-6E7F3A86815E}.Release|Any CPU.Build.0 = Release|Any CPU
	EndGlobalSection
	GlobalSection(SolutionProperties) = preSolution
		HideSolutionNode = FALSE
	EndGlobalSection
	GlobalSection(ExtensibilityGlobals) = postSolution
		SolutionGuid = {9FC0B871-67F9-4ED5-9735-E66903724AF4}
	EndGlobalSection
EndGlobal
